// !$*UTF8*$!
{
	archiveVersion = 1;
	classes = {
	};
	objectVersion = 46;
	objects = {

/* Begin PBXBuildFile section */
		0178CED319B11C25005E3B48 /* FLMyTeamsTableViewController.m in Sources */ = {isa = PBXBuildFile; fileRef = 0178CED219B11C25005E3B48 /* FLMyTeamsTableViewController.m */; };
		0178CED619B11DE2005E3B48 /* FLSignUpViewController.m in Sources */ = {isa = PBXBuildFile; fileRef = 0178CED519B11DE2005E3B48 /* FLSignUpViewController.m */; };
		01C8690419B01D9A00D30D45 /* Foundation.framework in Frameworks */ = {isa = PBXBuildFile; fileRef = 01C8690319B01D9A00D30D45 /* Foundation.framework */; };
		01C8690619B01D9A00D30D45 /* CoreGraphics.framework in Frameworks */ = {isa = PBXBuildFile; fileRef = 01C8690519B01D9A00D30D45 /* CoreGraphics.framework */; };
		01C8690819B01D9A00D30D45 /* UIKit.framework in Frameworks */ = {isa = PBXBuildFile; fileRef = 01C8690719B01D9A00D30D45 /* UIKit.framework */; };
		01C8690E19B01D9A00D30D45 /* InfoPlist.strings in Resources */ = {isa = PBXBuildFile; fileRef = 01C8690C19B01D9A00D30D45 /* InfoPlist.strings */; };
		01C8691019B01D9A00D30D45 /* main.m in Sources */ = {isa = PBXBuildFile; fileRef = 01C8690F19B01D9A00D30D45 /* main.m */; };
		01C8691419B01D9A00D30D45 /* AppDelegate.m in Sources */ = {isa = PBXBuildFile; fileRef = 01C8691319B01D9A00D30D45 /* AppDelegate.m */; };
		01C8691719B01D9A00D30D45 /* Main.storyboard in Resources */ = {isa = PBXBuildFile; fileRef = 01C8691519B01D9A00D30D45 /* Main.storyboard */; };
		01C8691C19B01D9A00D30D45 /* Images.xcassets in Resources */ = {isa = PBXBuildFile; fileRef = 01C8691B19B01D9A00D30D45 /* Images.xcassets */; };
		01C8692319B01D9A00D30D45 /* XCTest.framework in Frameworks */ = {isa = PBXBuildFile; fileRef = 01C8692219B01D9A00D30D45 /* XCTest.framework */; };
		01C8692419B01D9A00D30D45 /* Foundation.framework in Frameworks */ = {isa = PBXBuildFile; fileRef = 01C8690319B01D9A00D30D45 /* Foundation.framework */; };
		01C8692519B01D9A00D30D45 /* UIKit.framework in Frameworks */ = {isa = PBXBuildFile; fileRef = 01C8690719B01D9A00D30D45 /* UIKit.framework */; };
		01C8692D19B01D9A00D30D45 /* InfoPlist.strings in Resources */ = {isa = PBXBuildFile; fileRef = 01C8692B19B01D9A00D30D45 /* InfoPlist.strings */; };
		01C8692F19B01D9A00D30D45 /* GameWatchTests.m in Sources */ = {isa = PBXBuildFile; fileRef = 01C8692E19B01D9A00D30D45 /* GameWatchTests.m */; };
		01C8693A19B024C100D30D45 /* FLLoginViewController.m in Sources */ = {isa = PBXBuildFile; fileRef = 01C8693919B024C100D30D45 /* FLLoginViewController.m */; };
		01C8695119B0752C00D30D45 /* TPKeyboardAvoidingScrollView.m in Sources */ = {isa = PBXBuildFile; fileRef = 01C8694E19B0752C00D30D45 /* TPKeyboardAvoidingScrollView.m */; };
		01C8695219B0752C00D30D45 /* UIScrollView+TPKeyboardAvoidingAdditions.m in Sources */ = {isa = PBXBuildFile; fileRef = 01C8695019B0752C00D30D45 /* UIScrollView+TPKeyboardAvoidingAdditions.m */; };
/* End PBXBuildFile section */

/* Begin PBXContainerItemProxy section */
		01C8692619B01D9A00D30D45 /* PBXContainerItemProxy */ = {
			isa = PBXContainerItemProxy;
			containerPortal = 01C868F819B01D9900D30D45 /* Project object */;
			proxyType = 1;
			remoteGlobalIDString = 01C868FF19B01D9A00D30D45;
			remoteInfo = GameWatch;
		};
/* End PBXContainerItemProxy section */

/* Begin PBXFileReference section */
		0178CED119B11C25005E3B48 /* FLMyTeamsTableViewController.h */ = {isa = PBXFileReference; fileEncoding = 4; lastKnownFileType = sourcecode.c.h; path = FLMyTeamsTableViewController.h; sourceTree = "<group>"; };
		0178CED219B11C25005E3B48 /* FLMyTeamsTableViewController.m */ = {isa = PBXFileReference; fileEncoding = 4; lastKnownFileType = sourcecode.c.objc; path = FLMyTeamsTableViewController.m; sourceTree = "<group>"; };
		0178CED419B11DE2005E3B48 /* FLSignUpViewController.h */ = {isa = PBXFileReference; fileEncoding = 4; lastKnownFileType = sourcecode.c.h; path = FLSignUpViewController.h; sourceTree = "<group>"; };
		0178CED519B11DE2005E3B48 /* FLSignUpViewController.m */ = {isa = PBXFileReference; fileEncoding = 4; lastKnownFileType = sourcecode.c.objc; path = FLSignUpViewController.m; sourceTree = "<group>"; };
		01C8690019B01D9A00D30D45 /* GameWatch.app */ = {isa = PBXFileReference; explicitFileType = wrapper.application; includeInIndex = 0; path = GameWatch.app; sourceTree = BUILT_PRODUCTS_DIR; };
		01C8690319B01D9A00D30D45 /* Foundation.framework */ = {isa = PBXFileReference; lastKnownFileType = wrapper.framework; name = Foundation.framework; path = System/Library/Frameworks/Foundation.framework; sourceTree = SDKROOT; };
		01C8690519B01D9A00D30D45 /* CoreGraphics.framework */ = {isa = PBXFileReference; lastKnownFileType = wrapper.framework; name = CoreGraphics.framework; path = System/Library/Frameworks/CoreGraphics.framework; sourceTree = SDKROOT; };
		01C8690719B01D9A00D30D45 /* UIKit.framework */ = {isa = PBXFileReference; lastKnownFileType = wrapper.framework; name = UIKit.framework; path = System/Library/Frameworks/UIKit.framework; sourceTree = SDKROOT; };
		01C8690B19B01D9A00D30D45 /* GameWatch-Info.plist */ = {isa = PBXFileReference; lastKnownFileType = text.plist.xml; path = "GameWatch-Info.plist"; sourceTree = "<group>"; };
		01C8690D19B01D9A00D30D45 /* en */ = {isa = PBXFileReference; lastKnownFileType = text.plist.strings; name = en; path = en.lproj/InfoPlist.strings; sourceTree = "<group>"; };
		01C8690F19B01D9A00D30D45 /* main.m */ = {isa = PBXFileReference; lastKnownFileType = sourcecode.c.objc; path = main.m; sourceTree = "<group>"; };
		01C8691119B01D9A00D30D45 /* GameWatch-Prefix.pch */ = {isa = PBXFileReference; lastKnownFileType = sourcecode.c.h; path = "GameWatch-Prefix.pch"; sourceTree = "<group>"; };
		01C8691219B01D9A00D30D45 /* AppDelegate.h */ = {isa = PBXFileReference; lastKnownFileType = sourcecode.c.h; path = AppDelegate.h; sourceTree = "<group>"; };
		01C8691319B01D9A00D30D45 /* AppDelegate.m */ = {isa = PBXFileReference; lastKnownFileType = sourcecode.c.objc; path = AppDelegate.m; sourceTree = "<group>"; };
		01C8691619B01D9A00D30D45 /* Base */ = {isa = PBXFileReference; lastKnownFileType = file.storyboard; name = Base; path = Base.lproj/Main.storyboard; sourceTree = "<group>"; };
		01C8691B19B01D9A00D30D45 /* Images.xcassets */ = {isa = PBXFileReference; lastKnownFileType = folder.assetcatalog; path = Images.xcassets; sourceTree = "<group>"; };
		01C8692119B01D9A00D30D45 /* GameWatchTests.xctest */ = {isa = PBXFileReference; explicitFileType = wrapper.cfbundle; includeInIndex = 0; path = GameWatchTests.xctest; sourceTree = BUILT_PRODUCTS_DIR; };
		01C8692219B01D9A00D30D45 /* XCTest.framework */ = {isa = PBXFileReference; lastKnownFileType = wrapper.framework; name = XCTest.framework; path = Library/Frameworks/XCTest.framework; sourceTree = DEVELOPER_DIR; };
		01C8692A19B01D9A00D30D45 /* GameWatchTests-Info.plist */ = {isa = PBXFileReference; lastKnownFileType = text.plist.xml; path = "GameWatchTests-Info.plist"; sourceTree = "<group>"; };
		01C8692C19B01D9A00D30D45 /* en */ = {isa = PBXFileReference; lastKnownFileType = text.plist.strings; name = en; path = en.lproj/InfoPlist.strings; sourceTree = "<group>"; };
		01C8692E19B01D9A00D30D45 /* GameWatchTests.m */ = {isa = PBXFileReference; lastKnownFileType = sourcecode.c.objc; path = GameWatchTests.m; sourceTree = "<group>"; };
		01C8693819B024C100D30D45 /* FLLoginViewController.h */ = {isa = PBXFileReference; fileEncoding = 4; lastKnownFileType = sourcecode.c.h; path = FLLoginViewController.h; sourceTree = "<group>"; };
		01C8693919B024C100D30D45 /* FLLoginViewController.m */ = {isa = PBXFileReference; fileEncoding = 4; lastKnownFileType = sourcecode.c.objc; path = FLLoginViewController.m; sourceTree = "<group>"; };
		01C8694D19B0752C00D30D45 /* TPKeyboardAvoidingScrollView.h */ = {isa = PBXFileReference; fileEncoding = 4; lastKnownFileType = sourcecode.c.h; name = TPKeyboardAvoidingScrollView.h; path = ThirdParty/TPKeyboardAvoidingScrollView.h; sourceTree = "<group>"; };
		01C8694E19B0752C00D30D45 /* TPKeyboardAvoidingScrollView.m */ = {isa = PBXFileReference; fileEncoding = 4; lastKnownFileType = sourcecode.c.objc; name = TPKeyboardAvoidingScrollView.m; path = ThirdParty/TPKeyboardAvoidingScrollView.m; sourceTree = "<group>"; };
		01C8694F19B0752C00D30D45 /* UIScrollView+TPKeyboardAvoidingAdditions.h */ = {isa = PBXFileReference; fileEncoding = 4; lastKnownFileType = sourcecode.c.h; name = "UIScrollView+TPKeyboardAvoidingAdditions.h"; path = "ThirdParty/UIScrollView+TPKeyboardAvoidingAdditions.h"; sourceTree = "<group>"; };
		01C8695019B0752C00D30D45 /* UIScrollView+TPKeyboardAvoidingAdditions.m */ = {isa = PBXFileReference; fileEncoding = 4; lastKnownFileType = sourcecode.c.objc; name = "UIScrollView+TPKeyboardAvoidingAdditions.m"; path = "ThirdParty/UIScrollView+TPKeyboardAvoidingAdditions.m"; sourceTree = "<group>"; };
/* End PBXFileReference section */

/* Begin PBXFrameworksBuildPhase section */
		01C868FD19B01D9A00D30D45 /* Frameworks */ = {
			isa = PBXFrameworksBuildPhase;
			buildActionMask = 2147483647;
			files = (
				01C8690619B01D9A00D30D45 /* CoreGraphics.framework in Frameworks */,
				01C8690819B01D9A00D30D45 /* UIKit.framework in Frameworks */,
				01C8690419B01D9A00D30D45 /* Foundation.framework in Frameworks */,
			);
			runOnlyForDeploymentPostprocessing = 0;
		};
		01C8691E19B01D9A00D30D45 /* Frameworks */ = {
			isa = PBXFrameworksBuildPhase;
			buildActionMask = 2147483647;
			files = (
				01C8692319B01D9A00D30D45 /* XCTest.framework in Frameworks */,
				01C8692519B01D9A00D30D45 /* UIKit.framework in Frameworks */,
				01C8692419B01D9A00D30D45 /* Foundation.framework in Frameworks */,
			);
			runOnlyForDeploymentPostprocessing = 0;
		};
/* End PBXFrameworksBuildPhase section */

/* Begin PBXGroup section */
		01C868F719B01D9900D30D45 = {
			isa = PBXGroup;
			children = (
				01C8690919B01D9A00D30D45 /* GameWatch */,
				01C8692819B01D9A00D30D45 /* GameWatchTests */,
				01C8690219B01D9A00D30D45 /* Frameworks */,
				01C8690119B01D9A00D30D45 /* Products */,
			);
			sourceTree = "<group>";
		};
		01C8690119B01D9A00D30D45 /* Products */ = {
			isa = PBXGroup;
			children = (
				01C8690019B01D9A00D30D45 /* GameWatch.app */,
				01C8692119B01D9A00D30D45 /* GameWatchTests.xctest */,
			);
			name = Products;
			sourceTree = "<group>";
		};
		01C8690219B01D9A00D30D45 /* Frameworks */ = {
			isa = PBXGroup;
			children = (
				01C8690319B01D9A00D30D45 /* Foundation.framework */,
				01C8690519B01D9A00D30D45 /* CoreGraphics.framework */,
				01C8690719B01D9A00D30D45 /* UIKit.framework */,
				01C8692219B01D9A00D30D45 /* XCTest.framework */,
			);
			name = Frameworks;
			sourceTree = "<group>";
		};
		01C8690919B01D9A00D30D45 /* GameWatch */ = {
			isa = PBXGroup;
			children = (
				0178CED419B11DE2005E3B48 /* FLSignUpViewController.h */,
				0178CED519B11DE2005E3B48 /* FLSignUpViewController.m */,
				0178CED119B11C25005E3B48 /* FLMyTeamsTableViewController.h */,
				0178CED219B11C25005E3B48 /* FLMyTeamsTableViewController.m */,
				01C8694D19B0752C00D30D45 /* TPKeyboardAvoidingScrollView.h */,
				01C8694E19B0752C00D30D45 /* TPKeyboardAvoidingScrollView.m */,
				01C8694F19B0752C00D30D45 /* UIScrollView+TPKeyboardAvoidingAdditions.h */,
				01C8695019B0752C00D30D45 /* UIScrollView+TPKeyboardAvoidingAdditions.m */,
				01C8693819B024C100D30D45 /* FLLoginViewController.h */,
				01C8693919B024C100D30D45 /* FLLoginViewController.m */,
				01C8691219B01D9A00D30D45 /* AppDelegate.h */,
				01C8691319B01D9A00D30D45 /* AppDelegate.m */,
				01C8691519B01D9A00D30D45 /* Main.storyboard */,
				01C8691B19B01D9A00D30D45 /* Images.xcassets */,
				01C8690A19B01D9A00D30D45 /* Supporting Files */,
			);
			path = GameWatch;
			sourceTree = "<group>";
		};
		01C8690A19B01D9A00D30D45 /* Supporting Files */ = {
			isa = PBXGroup;
			children = (
				01C8690B19B01D9A00D30D45 /* GameWatch-Info.plist */,
				01C8690C19B01D9A00D30D45 /* InfoPlist.strings */,
				01C8690F19B01D9A00D30D45 /* main.m */,
				01C8691119B01D9A00D30D45 /* GameWatch-Prefix.pch */,
			);
			name = "Supporting Files";
			sourceTree = "<group>";
		};
		01C8692819B01D9A00D30D45 /* GameWatchTests */ = {
			isa = PBXGroup;
			children = (
				01C8692E19B01D9A00D30D45 /* GameWatchTests.m */,
				01C8692919B01D9A00D30D45 /* Supporting Files */,
			);
			path = GameWatchTests;
			sourceTree = "<group>";
		};
		01C8692919B01D9A00D30D45 /* Supporting Files */ = {
			isa = PBXGroup;
			children = (
				01C8692A19B01D9A00D30D45 /* GameWatchTests-Info.plist */,
				01C8692B19B01D9A00D30D45 /* InfoPlist.strings */,
			);
			name = "Supporting Files";
			sourceTree = "<group>";
		};
/* End PBXGroup section */

/* Begin PBXNativeTarget section */
		01C868FF19B01D9A00D30D45 /* GameWatch */ = {
			isa = PBXNativeTarget;
			buildConfigurationList = 01C8693219B01D9A00D30D45 /* Build configuration list for PBXNativeTarget "GameWatch" */;
			buildPhases = (
				01C868FC19B01D9A00D30D45 /* Sources */,
				01C868FD19B01D9A00D30D45 /* Frameworks */,
				01C868FE19B01D9A00D30D45 /* Resources */,
			);
			buildRules = (
			);
			dependencies = (
			);
			name = GameWatch;
			productName = GameWatch;
			productReference = 01C8690019B01D9A00D30D45 /* GameWatch.app */;
			productType = "com.apple.product-type.application";
		};
		01C8692019B01D9A00D30D45 /* GameWatchTests */ = {
			isa = PBXNativeTarget;
			buildConfigurationList = 01C8693519B01D9A00D30D45 /* Build configuration list for PBXNativeTarget "GameWatchTests" */;
			buildPhases = (
				01C8691D19B01D9A00D30D45 /* Sources */,
				01C8691E19B01D9A00D30D45 /* Frameworks */,
				01C8691F19B01D9A00D30D45 /* Resources */,
			);
			buildRules = (
			);
			dependencies = (
				01C8692719B01D9A00D30D45 /* PBXTargetDependency */,
			);
			name = GameWatchTests;
			productName = GameWatchTests;
			productReference = 01C8692119B01D9A00D30D45 /* GameWatchTests.xctest */;
			productType = "com.apple.product-type.bundle.unit-test";
		};
/* End PBXNativeTarget section */

/* Begin PBXProject section */
		01C868F819B01D9900D30D45 /* Project object */ = {
			isa = PBXProject;
			attributes = {
				LastUpgradeCheck = 0510;
				ORGANIZATIONNAME = "Fredrick A. Lawton";
				TargetAttributes = {
					01C8692019B01D9A00D30D45 = {
						TestTargetID = 01C868FF19B01D9A00D30D45;
					};
				};
			};
			buildConfigurationList = 01C868FB19B01D9900D30D45 /* Build configuration list for PBXProject "GameWatch" */;
			compatibilityVersion = "Xcode 3.2";
			developmentRegion = English;
			hasScannedForEncodings = 0;
			knownRegions = (
				en,
				Base,
			);
			mainGroup = 01C868F719B01D9900D30D45;
			productRefGroup = 01C8690119B01D9A00D30D45 /* Products */;
			projectDirPath = "";
			projectRoot = "";
			targets = (
				01C868FF19B01D9A00D30D45 /* GameWatch */,
				01C8692019B01D9A00D30D45 /* GameWatchTests */,
			);
		};
/* End PBXProject section */

/* Begin PBXResourcesBuildPhase section */
		01C868FE19B01D9A00D30D45 /* Resources */ = {
			isa = PBXResourcesBuildPhase;
			buildActionMask = 2147483647;
			files = (
				01C8691C19B01D9A00D30D45 /* Images.xcassets in Resources */,
				01C8690E19B01D9A00D30D45 /* InfoPlist.strings in Resources */,
				01C8691719B01D9A00D30D45 /* Main.storyboard in Resources */,
			);
			runOnlyForDeploymentPostprocessing = 0;
		};
		01C8691F19B01D9A00D30D45 /* Resources */ = {
			isa = PBXResourcesBuildPhase;
			buildActionMask = 2147483647;
			files = (
				01C8692D19B01D9A00D30D45 /* InfoPlist.strings in Resources */,
			);
			runOnlyForDeploymentPostprocessing = 0;
		};
/* End PBXResourcesBuildPhase section */

/* Begin PBXSourcesBuildPhase section */
		01C868FC19B01D9A00D30D45 /* Sources */ = {
			isa = PBXSourcesBuildPhase;
			buildActionMask = 2147483647;
			files = (
				0178CED319B11C25005E3B48 /* FLMyTeamsTableViewController.m in Sources */,
				01C8693A19B024C100D30D45 /* FLLoginViewController.m in Sources */,
				0178CED619B11DE2005E3B48 /* FLSignUpViewController.m in Sources */,
				01C8695119B0752C00D30D45 /* TPKeyboardAvoidingScrollView.m in Sources */,
				01C8691419B01D9A00D30D45 /* AppDelegate.m in Sources */,
				01C8691019B01D9A00D30D45 /* main.m in Sources */,
				01C8695219B0752C00D30D45 /* UIScrollView+TPKeyboardAvoidingAdditions.m in Sources */,
			);
			runOnlyForDeploymentPostprocessing = 0;
		};
		01C8691D19B01D9A00D30D45 /* Sources */ = {
			isa = PBXSourcesBuildPhase;
			buildActionMask = 2147483647;
			files = (
				01C8692F19B01D9A00D30D45 /* GameWatchTests.m in Sources */,
			);
			runOnlyForDeploymentPostprocessing = 0;
		};
/* End PBXSourcesBuildPhase section */

/* Begin PBXTargetDependency section */
		01C8692719B01D9A00D30D45 /* PBXTargetDependency */ = {
			isa = PBXTargetDependency;
			target = 01C868FF19B01D9A00D30D45 /* GameWatch */;
			targetProxy = 01C8692619B01D9A00D30D45 /* PBXContainerItemProxy */;
		};
/* End PBXTargetDependency section */

/* Begin PBXVariantGroup section */
		01C8690C19B01D9A00D30D45 /* InfoPlist.strings */ = {
			isa = PBXVariantGroup;
			children = (
				01C8690D19B01D9A00D30D45 /* en */,
			);
			name = InfoPlist.strings;
			sourceTree = "<group>";
		};
		01C8691519B01D9A00D30D45 /* Main.storyboard */ = {
			isa = PBXVariantGroup;
			children = (
				01C8691619B01D9A00D30D45 /* Base */,
			);
			name = Main.storyboard;
			sourceTree = "<group>";
		};
		01C8692B19B01D9A00D30D45 /* InfoPlist.strings */ = {
			isa = PBXVariantGroup;
			children = (
				01C8692C19B01D9A00D30D45 /* en */,
			);
			name = InfoPlist.strings;
			sourceTree = "<group>";
		};
/* End PBXVariantGroup section */

/* Begin XCBuildConfiguration section */
		01C8693019B01D9A00D30D45 /* Debug */ = {
			isa = XCBuildConfiguration;
			buildSettings = {
				ALWAYS_SEARCH_USER_PATHS = NO;
				CLANG_CXX_LANGUAGE_STANDARD = "gnu++0x";
				CLANG_CXX_LIBRARY = "libc++";
				CLANG_ENABLE_MODULES = YES;
				CLANG_ENABLE_OBJC_ARC = YES;
				CLANG_WARN_BOOL_CONVERSION = YES;
				CLANG_WARN_CONSTANT_CONVERSION = YES;
				CLANG_WARN_DIRECT_OBJC_ISA_USAGE = YES_ERROR;
				CLANG_WARN_EMPTY_BODY = YES;
				CLANG_WARN_ENUM_CONVERSION = YES;
				CLANG_WARN_INT_CONVERSION = YES;
				CLANG_WARN_OBJC_ROOT_CLASS = YES_ERROR;
				CLANG_WARN__DUPLICATE_METHOD_MATCH = YES;
				"CODE_SIGN_IDENTITY[sdk=iphoneos*]" = "iPhone Developer";
				COPY_PHASE_STRIP = NO;
				GCC_C_LANGUAGE_STANDARD = gnu99;
				GCC_DYNAMIC_NO_PIC = NO;
				GCC_OPTIMIZATION_LEVEL = 0;
				GCC_PREPROCESSOR_DEFINITIONS = (
					"DEBUG=1",
					"$(inherited)",
				);
				GCC_SYMBOLS_PRIVATE_EXTERN = NO;
				GCC_WARN_64_TO_32_BIT_CONVERSION = YES;
				GCC_WARN_ABOUT_RETURN_TYPE = YES_ERROR;
				GCC_WARN_UNDECLARED_SELECTOR = YES;
				GCC_WARN_UNINITIALIZED_AUTOS = YES_AGGRESSIVE;
				GCC_WARN_UNUSED_FUNCTION = YES;
				GCC_WARN_UNUSED_VARIABLE = YES;
				IPHONEOS_DEPLOYMENT_TARGET = 7.1;
				ONLY_ACTIVE_ARCH = YES;
				SDKROOT = iphoneos;
			};
			name = Debug;
		};
		01C8693119B01D9A00D30D45 /* Release */ = {
			isa = XCBuildConfiguration;
			buildSettings = {
				ALWAYS_SEARCH_USER_PATHS = NO;
				CLANG_CXX_LANGUAGE_STANDARD = "gnu++0x";
				CLANG_CXX_LIBRARY = "libc++";
				CLANG_ENABLE_MODULES = YES;
				CLANG_ENABLE_OBJC_ARC = YES;
				CLANG_WARN_BOOL_CONVERSION = YES;
				CLANG_WARN_CONSTANT_CONVERSION = YES;
				CLANG_WARN_DIRECT_OBJC_ISA_USAGE = YES_ERROR;
				CLANG_WARN_EMPTY_BODY = YES;
				CLANG_WARN_ENUM_CONVERSION = YES;
				CLANG_WARN_INT_CONVERSION = YES;
				CLANG_WARN_OBJC_ROOT_CLASS = YES_ERROR;
				CLANG_WARN__DUPLICATE_METHOD_MATCH = YES;
				"CODE_SIGN_IDENTITY[sdk=iphoneos*]" = "iPhone Developer";
				COPY_PHASE_STRIP = YES;
				ENABLE_NS_ASSERTIONS = NO;
				GCC_C_LANGUAGE_STANDARD = gnu99;
				GCC_WARN_64_TO_32_BIT_CONVERSION = YES;
				GCC_WARN_ABOUT_RETURN_TYPE = YES_ERROR;
				GCC_WARN_UNDECLARED_SELECTOR = YES;
				GCC_WARN_UNINITIALIZED_AUTOS = YES_AGGRESSIVE;
				GCC_WARN_UNUSED_FUNCTION = YES;
				GCC_WARN_UNUSED_VARIABLE = YES;
				IPHONEOS_DEPLOYMENT_TARGET = 7.1;
				SDKROOT = iphoneos;
				VALIDATE_PRODUCT = YES;
			};
			name = Release;
		};
		01C8693319B01D9A00D30D45 /* Debug */ = {
			isa = XCBuildConfiguration;
			buildSettings = {
				ASSETCATALOG_COMPILER_APPICON_NAME = AppIcon;
				ASSETCATALOG_COMPILER_LAUNCHIMAGE_NAME = LaunchImage;
				GCC_PRECOMPILE_PREFIX_HEADER = YES;
				GCC_PREFIX_HEADER = "GameWatch/GameWatch-Prefix.pch";
				INFOPLIST_FILE = "GameWatch/GameWatch-Info.plist";
				PRODUCT_NAME = "$(TARGET_NAME)";
				WRAPPER_EXTENSION = app;
			};
			name = Debug;
		};
		01C8693419B01D9A00D30D45 /* Release */ = {
			isa = XCBuildConfiguration;
			buildSettings = {
				ASSETCATALOG_COMPILER_APPICON_NAME = AppIcon;
				ASSETCATALOG_COMPILER_LAUNCHIMAGE_NAME = LaunchImage;
				GCC_PRECOMPILE_PREFIX_HEADER = YES;
				GCC_PREFIX_HEADER = "GameWatch/GameWatch-Prefix.pch";
				INFOPLIST_FILE = "GameWatch/GameWatch-Info.plist";
				PRODUCT_NAME = "$(TARGET_NAME)";
				WRAPPER_EXTENSION = app;
			};
			name = Release;
		};
		01C8693619B01D9A00D30D45 /* Debug */ = {
			isa = XCBuildConfiguration;
			buildSettings = {
				BUNDLE_LOADER = "$(BUILT_PRODUCTS_DIR)/GameWatch.app/GameWatch";
				FRAMEWORK_SEARCH_PATHS = (
					"$(SDKROOT)/Developer/Library/Frameworks",
					"$(inherited)",
					"$(DEVELOPER_FRAMEWORKS_DIR)",
				);
				GCC_PRECOMPILE_PREFIX_HEADER = YES;
				GCC_PREFIX_HEADER = "GameWatch/GameWatch-Prefix.pch";
				GCC_PREPROCESSOR_DEFINITIONS = (
					"DEBUG=1",
					"$(inherited)",
				);
				INFOPLIST_FILE = "GameWatchTests/GameWatchTests-Info.plist";
				PRODUCT_NAME = "$(TARGET_NAME)";
				TEST_HOST = "$(BUNDLE_LOADER)";
				WRAPPER_EXTENSION = xctest;
			};
			name = Debug;
		};
		01C8693719B01D9A00D30D45 /* Release */ = {
			isa = XCBuildConfiguration;
			buildSettings = {
				BUNDLE_LOADER = "$(BUILT_PRODUCTS_DIR)/GameWatch.app/GameWatch";
				FRAMEWORK_SEARCH_PATHS = (
					"$(SDKROOT)/Developer/Library/Frameworks",
					"$(inherited)",
					"$(DEVELOPER_FRAMEWORKS_DIR)",
				);
				GCC_PRECOMPILE_PREFIX_HEADER = YES;
				GCC_PREFIX_HEADER = "GameWatch/GameWatch-Prefix.pch";
				INFOPLIST_FILE = "GameWatchTests/GameWatchTests-Info.plist";
				PRODUCT_NAME = "$(TARGET_NAME)";
				TEST_HOST = "$(BUNDLE_LOADER)";
				WRAPPER_EXTENSION = xctest;
			};
			name = Release;
		};
/* End XCBuildConfiguration section */

/* Begin XCConfigurationList section */
		01C868FB19B01D9900D30D45 /* Build configuration list for PBXProject "GameWatch" */ = {
			isa = XCConfigurationList;
			buildConfigurations = (
				01C8693019B01D9A00D30D45 /* Debug */,
				01C8693119B01D9A00D30D45 /* Release */,
			);
			defaultConfigurationIsVisible = 0;
			defaultConfigurationName = Release;
		};
		01C8693219B01D9A00D30D45 /* Build configuration list for PBXNativeTarget "GameWatch" */ = {
			isa = XCConfigurationList;
			buildConfigurations = (
				01C8693319B01D9A00D30D45 /* Debug */,
				01C8693419B01D9A00D30D45 /* Release */,
			);
			defaultConfigurationIsVisible = 0;
			defaultConfigurationName = Release;
		};
		01C8693519B01D9A00D30D45 /* Build configuration list for PBXNativeTarget "GameWatchTests" */ = {
			isa = XCConfigurationList;
			buildConfigurations = (
				01C8693619B01D9A00D30D45 /* Debug */,
				01C8693719B01D9A00D30D45 /* Release */,
			);
			defaultConfigurationIsVisible = 0;
			defaultConfigurationName = Release;
		};
/* End XCConfigurationList section */
	};
	rootObject = 01C868F819B01D9900D30D45 /* Project object */;
}
